// !$*UTF8*$!
{
	archiveVersion = 1;
	classes = {
	};
	objectVersion = 46;
	objects = {

/* Begin PBXBuildFile section */
		94BF12352826F546F825A405 /* Pods_WildDogDemo.framework in Frameworks */ = {isa = PBXBuildFile; fileRef = D6AE47D5CA5C7183364F26FF /* Pods_WildDogDemo.framework */; };
		C765F0301F373493001C971D /* AppDelegate.swift in Sources */ = {isa = PBXBuildFile; fileRef = C765F02F1F373493001C971D /* AppDelegate.swift */; };
		C765F0321F373493001C971D /* ViewController.swift in Sources */ = {isa = PBXBuildFile; fileRef = C765F0311F373493001C971D /* ViewController.swift */; };
		C765F0351F373493001C971D /* Main.storyboard in Resources */ = {isa = PBXBuildFile; fileRef = C765F0331F373493001C971D /* Main.storyboard */; };
		C765F0371F373493001C971D /* Assets.xcassets in Resources */ = {isa = PBXBuildFile; fileRef = C765F0361F373493001C971D /* Assets.xcassets */; };
		C765F03A1F373493001C971D /* LaunchScreen.storyboard in Resources */ = {isa = PBXBuildFile; fileRef = C765F0381F373493001C971D /* LaunchScreen.storyboard */; };
		C7D72E041F3741C40098C873 /* Car.swift in Sources */ = {isa = PBXBuildFile; fileRef = C7D72E031F3741C40098C873 /* Car.swift */; };
/* End PBXBuildFile section */

/* Begin PBXFileReference section */
		9C32E4E413E8B45479BE897E /* Pods-WildDogDemo.debug.xcconfig */ = {isa = PBXFileReference; includeInIndex = 1; lastKnownFileType = text.xcconfig; name = "Pods-WildDogDemo.debug.xcconfig"; path = "Pods/Target Support Files/Pods-WildDogDemo/Pods-WildDogDemo.debug.xcconfig"; sourceTree = "<group>"; };
		A5DB175AF97DE8EEBE3076F2 /* Pods-WildDogDemo.release.xcconfig */ = {isa = PBXFileReference; includeInIndex = 1; lastKnownFileType = text.xcconfig; name = "Pods-WildDogDemo.release.xcconfig"; path = "Pods/Target Support Files/Pods-WildDogDemo/Pods-WildDogDemo.release.xcconfig"; sourceTree = "<group>"; };
		C765F02C1F373493001C971D /* WildDogDemo.app */ = {isa = PBXFileReference; explicitFileType = wrapper.application; includeInIndex = 0; path = WildDogDemo.app; sourceTree = BUILT_PRODUCTS_DIR; };
		C765F02F1F373493001C971D /* AppDelegate.swift */ = {isa = PBXFileReference; lastKnownFileType = sourcecode.swift; path = AppDelegate.swift; sourceTree = "<group>"; };
		C765F0311F373493001C971D /* ViewController.swift */ = {isa = PBXFileReference; lastKnownFileType = sourcecode.swift; path = ViewController.swift; sourceTree = "<group>"; };
		C765F0341F373493001C971D /* Base */ = {isa = PBXFileReference; lastKnownFileType = file.storyboard; name = Base; path = Base.lproj/Main.storyboard; sourceTree = "<group>"; };
		C765F0361F373493001C971D /* Assets.xcassets */ = {isa = PBXFileReference; lastKnownFileType = folder.assetcatalog; path = Assets.xcassets; sourceTree = "<group>"; };
		C765F0391F373493001C971D /* Base */ = {isa = PBXFileReference; lastKnownFileType = file.storyboard; name = Base; path = Base.lproj/LaunchScreen.storyboard; sourceTree = "<group>"; };
		C765F03B1F373493001C971D /* Info.plist */ = {isa = PBXFileReference; lastKnownFileType = text.plist.xml; path = Info.plist; sourceTree = "<group>"; };
		C7D72E031F3741C40098C873 /* Car.swift */ = {isa = PBXFileReference; fileEncoding = 4; lastKnownFileType = sourcecode.swift; path = Car.swift; sourceTree = "<group>"; };
		D6AE47D5CA5C7183364F26FF /* Pods_WildDogDemo.framework */ = {isa = PBXFileReference; explicitFileType = wrapper.framework; includeInIndex = 0; path = Pods_WildDogDemo.framework; sourceTree = BUILT_PRODUCTS_DIR; };
/* End PBXFileReference section */

/* Begin PBXFrameworksBuildPhase section */
		C765F0291F373493001C971D /* Frameworks */ = {
			isa = PBXFrameworksBuildPhase;
			buildActionMask = 2147483647;
			files = (
				94BF12352826F546F825A405 /* Pods_WildDogDemo.framework in Frameworks */,
			);
			runOnlyForDeploymentPostprocessing = 0;
		};
/* End PBXFrameworksBuildPhase section */

/* Begin PBXGroup section */
		C765F0231F373493001C971D = {
			isa = PBXGroup;
			children = (
				C765F02E1F373493001C971D /* WildDogDemo */,
				C765F02D1F373493001C971D /* Products */,
				DF981000F984F417FFF3C635 /* Pods */,
				F8EF4BAE4DF3A09EC8DDA905 /* Frameworks */,
			);
			sourceTree = "<group>";
		};
		C765F02D1F373493001C971D /* Products */ = {
			isa = PBXGroup;
			children = (
				C765F02C1F373493001C971D /* WildDogDemo.app */,
			);
			name = Products;
			sourceTree = "<group>";
		};
		C765F02E1F373493001C971D /* WildDogDemo */ = {
			isa = PBXGroup;
			children = (
				C765F02F1F373493001C971D /* AppDelegate.swift */,
				C765F0311F373493001C971D /* ViewController.swift */,
				C765F0331F373493001C971D /* Main.storyboard */,
				C765F0361F373493001C971D /* Assets.xcassets */,
				C765F0381F373493001C971D /* LaunchScreen.storyboard */,
				C765F03B1F373493001C971D /* Info.plist */,
				C7D72E031F3741C40098C873 /* Car.swift */,
			);
			path = WildDogDemo;
			sourceTree = "<group>";
		};
		DF981000F984F417FFF3C635 /* Pods */ = {
			isa = PBXGroup;
			children = (
				9C32E4E413E8B45479BE897E /* Pods-WildDogDemo.debug.xcconfig */,
				A5DB175AF97DE8EEBE3076F2 /* Pods-WildDogDemo.release.xcconfig */,
			);
			name = Pods;
			sourceTree = "<group>";
		};
		F8EF4BAE4DF3A09EC8DDA905 /* Frameworks */ = {
			isa = PBXGroup;
			children = (
				D6AE47D5CA5C7183364F26FF /* Pods_WildDogDemo.framework */,
			);
			name = Frameworks;
			sourceTree = "<group>";
		};
/* End PBXGroup section */

/* Begin PBXNativeTarget section */
		C765F02B1F373493001C971D /* WildDogDemo */ = {
			isa = PBXNativeTarget;
			buildConfigurationList = C765F03E1F373493001C971D /* Build configuration list for PBXNativeTarget "WildDogDemo" */;
			buildPhases = (
				923911708F4EE1AD259D5DB5 /* [CP] Check Pods Manifest.lock */,
				C765F0281F373493001C971D /* Sources */,
				C765F0291F373493001C971D /* Frameworks */,
				C765F02A1F373493001C971D /* Resources */,
				180CF89B0695749E572EF976 /* [CP] Embed Pods Frameworks */,
				B563ED6DC3D37B562027CBB1 /* [CP] Copy Pods Resources */,
			);
			buildRules = (
			);
			dependencies = (
			);
			name = WildDogDemo;
			productName = WildDogDemo;
			productReference = C765F02C1F373493001C971D /* WildDogDemo.app */;
			productType = "com.apple.product-type.application";
		};
/* End PBXNativeTarget section */

/* Begin PBXProject section */
		C765F0241F373493001C971D /* Project object */ = {
			isa = PBXProject;
			attributes = {
				LastSwiftUpdateCheck = 0830;
				LastUpgradeCheck = 0830;
				ORGANIZATIONNAME = "Lets Build That App";
				TargetAttributes = {
					C765F02B1F373493001C971D = {
						CreatedOnToolsVersion = 8.3.3;
						DevelopmentTeam = TU4944T6UG;
						ProvisioningStyle = Automatic;
					};
				};
			};
			buildConfigurationList = C765F0271F373493001C971D /* Build configuration list for PBXProject "WildDogDemo" */;
			compatibilityVersion = "Xcode 3.2";
			developmentRegion = English;
			hasScannedForEncodings = 0;
			knownRegions = (
				en,
				Base,
			);
			mainGroup = C765F0231F373493001C971D;
			productRefGroup = C765F02D1F373493001C971D /* Products */;
			projectDirPath = "";
			projectRoot = "";
			targets = (
				C765F02B1F373493001C971D /* WildDogDemo */,
			);
		};
/* End PBXProject section */

/* Begin PBXResourcesBuildPhase section */
		C765F02A1F373493001C971D /* Resources */ = {
			isa = PBXResourcesBuildPhase;
			buildActionMask = 2147483647;
			files = (
				C765F03A1F373493001C971D /* LaunchScreen.storyboard in Resources */,
				C765F0371F373493001C971D /* Assets.xcassets in Resources */,
				C765F0351F373493001C971D /* Main.storyboard in Resources */,
			);
			runOnlyForDeploymentPostprocessing = 0;
		};
/* End PBXResourcesBuildPhase section */

/* Begin PBXShellScriptBuildPhase section */
		180CF89B0695749E572EF976 /* [CP] Embed Pods Frameworks */ = {
			isa = PBXShellScriptBuildPhase;
			buildActionMask = 2147483647;
			files = (
			);
			inputPaths = (
			);
			name = "[CP] Embed Pods Frameworks";
			outputPaths = (
			);
			runOnlyForDeploymentPostprocessing = 0;
			shellPath = /bin/sh;
			shellScript = "\"${SRCROOT}/Pods/Target Support Files/Pods-WildDogDemo/Pods-WildDogDemo-frameworks.sh\"\n";
			showEnvVarsInLog = 0;
		};
		923911708F4EE1AD259D5DB5 /* [CP] Check Pods Manifest.lock */ = {
			isa = PBXShellScriptBuildPhase;
			buildActionMask = 2147483647;
			files = (
			);
			inputPaths = (
				"${PODS_PODFILE_DIR_PATH}/Podfile.lock",
				"${PODS_ROOT}/Manifest.lock",
			);
			name = "[CP] Check Pods Manifest.lock";
			outputPaths = (
				"$(DERIVED_FILE_DIR)/Pods-WildDogDemo-checkManifestLockResult.txt",
			);
			runOnlyForDeploymentPostprocessing = 0;
			shellPath = /bin/sh;
			shellScript = "diff \"${PODS_PODFILE_DIR_PATH}/Podfile.lock\" \"${PODS_ROOT}/Manifest.lock\" > /dev/null\nif [ $? != 0 ] ; then\n    # print error to STDERR\n    echo \"error: The sandbox is not in sync with the Podfile.lock. Run 'pod install' or update your CocoaPods installation.\" >&2\n    exit 1\nfi\n# This output is used by Xcode 'outputs' to avoid re-running this script phase.\necho \"SUCCESS\" > \"${SCRIPT_OUTPUT_FILE_0}\"\n";
			showEnvVarsInLog = 0;
		};
		B563ED6DC3D37B562027CBB1 /* [CP] Copy Pods Resources */ = {
			isa = PBXShellScriptBuildPhase;
			buildActionMask = 2147483647;
			files = (
			);
			inputPaths = (
			);
			name = "[CP] Copy Pods Resources";
			outputPaths = (
			);
			runOnlyForDeploymentPostprocessing = 0;
			shellPath = /bin/sh;
			shellScript = "\"${SRCROOT}/Pods/Target Support Files/Pods-WildDogDemo/Pods-WildDogDemo-resources.sh\"\n";
			showEnvVarsInLog = 0;
		};
/* End PBXShellScriptBuildPhase section */

/* Begin PBXSourcesBuildPhase section */
		C765F0281F373493001C971D /* Sources */ = {
			isa = PBXSourcesBuildPhase;
			buildActionMask = 2147483647;
			files = (
				C765F0321F373493001C971D /* ViewController.swift in Sources */,
				C765F0301F373493001C971D /* AppDelegate.swift in Sources */,
				C7D72E041F3741C40098C873 /* Car.swift in Sources */,
			);
			runOnlyForDeploymentPostprocessing = 0;
		};
/* End PBXSourcesBuildPhase section */

/* Begin PBXVariantGroup section */
		C765F0331F373493001C971D /* Main.storyboard */ = {
			isa = PBXVariantGroup;
			children = (
				C765F0341F373493001C971D /* Base */,
			);
			name = Main.storyboard;
			sourceTree = "<group>";
		};
		C765F0381F373493001C971D /* LaunchScreen.storyboard */ = {
			isa = PBXVariantGroup;
			children = (
				C765F0391F373493001C971D /* Base */,
			);
			name = LaunchScreen.storyboard;
			sourceTree = "<group>";
		};
/* End PBXVariantGroup section */

/* Begin XCBuildConfiguration section */
		C765F03C1F373493001C971D /* Debug */ = {
			isa = XCBuildConfiguration;
			buildSettings = {
				ALWAYS_SEARCH_USER_PATHS = NO;
				CLANG_ANALYZER_NONNULL = YES;
				CLANG_ANALYZER_NUMBER_OBJECT_CONVERSION = YES_AGGRESSIVE;
				CLANG_CXX_LANGUAGE_STANDARD = "gnu++0x";
				CLANG_CXX_LIBRARY = "libc++";
				CLANG_ENABLE_MODULES = YES;
				CLANG_ENABLE_OBJC_ARC = YES;
				CLANG_WARN_BOOL_CONVERSION = YES;
				CLANG_WARN_CONSTANT_CONVERSION = YES;
				CLANG_WARN_DIRECT_OBJC_ISA_USAGE = YES_ERROR;
				CLANG_WARN_DOCUMENTATION_COMMENTS = YES;
				CLANG_WARN_EMPTY_BODY = YES;
				CLANG_WARN_ENUM_CONVERSION = YES;
				CLANG_WARN_INFINITE_RECURSION = YES;
				CLANG_WARN_INT_CONVERSION = YES;
				CLANG_WARN_OBJC_ROOT_CLASS = YES_ERROR;
				CLANG_WARN_SUSPICIOUS_MOVE = YES;
				CLANG_WARN_UNREACHABLE_CODE = YES;
				CLANG_WARN__DUPLICATE_METHOD_MATCH = YES;
				"CODE_SIGN_IDENTITY[sdk=iphoneos*]" = "iPhone Developer";
				COPY_PHASE_STRIP = NO;
				DEBUG_INFORMATION_FORMAT = dwarf;
				ENABLE_STRICT_OBJC_MSGSEND = YES;
				ENABLE_TESTABILITY = YES;
				GCC_C_LANGUAGE_STANDARD = gnu99;
				GCC_DYNAMIC_NO_PIC = NO;
				GCC_NO_COMMON_BLOCKS = YES;
				GCC_OPTIMIZATION_LEVEL = 0;
				GCC_PREPROCESSOR_DEFINITIONS = (
					"DEBUG=1",
					"$(inherited)",
				);
				GCC_WARN_64_TO_32_BIT_CONVERSION = YES;
				GCC_WARN_ABOUT_RETURN_TYPE = YES_ERROR;
				GCC_WARN_UNDECLARED_SELECTOR = YES;
				GCC_WARN_UNINITIALIZED_AUTOS = YES_AGGRESSIVE;
				GCC_WARN_UNUSED_FUNCTION = YES;
				GCC_WARN_UNUSED_VARIABLE = YES;
				IPHONEOS_DEPLOYMENT_TARGET = 10.3;
				MTL_ENABLE_DEBUG_INFO = YES;
				ONLY_ACTIVE_ARCH = YES;
				SDKROOT = iphoneos;
				SWIFT_ACTIVE_COMPILATION_CONDITIONS = DEBUG;
				SWIFT_OPTIMIZATION_LEVEL = "-Onone";
				TARGETED_DEVICE_FAMILY = "1,2";
			};
			name = Debug;
		};
		C765F03D1F373493001C971D /* Release */ = {
			isa = XCBuildConfiguration;
			buildSettings = {
				ALWAYS_SEARCH_USER_PATHS = NO;
				CLANG_ANALYZER_NONNULL = YES;
				CLANG_ANALYZER_NUMBER_OBJECT_CONVERSION = YES_AGGRESSIVE;
				CLANG_CXX_LANGUAGE_STANDARD = "gnu++0x";
				CLANG_CXX_LIBRARY = "libc++";
				CLANG_ENABLE_MODULES = YES;
				CLANG_ENABLE_OBJC_ARC = YES;
				CLANG_WARN_BOOL_CONVERSION = YES;
				CLANG_WARN_CONSTANT_CONVERSION = YES;
				CLANG_WARN_DIRECT_OBJC_ISA_USAGE = YES_ERROR;
				CLANG_WARN_DOCUMENTATION_COMMENTS = YES;
				CLANG_WARN_EMPTY_BODY = YES;
				CLANG_WARN_ENUM_CONVERSION = YES;
				CLANG_WARN_INFINITE_RECURSION = YES;
				CLANG_WARN_INT_CONVERSION = YES;
				CLANG_WARN_OBJC_ROOT_CLASS = YES_ERROR;
				CLANG_WARN_SUSPICIOUS_MOVE = YES;
				CLANG_WARN_UNREACHABLE_CODE = YES;
				CLANG_WARN__DUPLICATE_METHOD_MATCH = YES;
				"CODE_SIGN_IDENTITY[sdk=iphoneos*]" = "iPhone Developer";
				COPY_PHASE_STRIP = NO;
				DEBUG_INFORMATION_FORMAT = "dwarf-with-dsym";
				ENABLE_NS_ASSERTIONS = NO;
				ENABLE_STRICT_OBJC_MSGSEND = YES;
				GCC_C_LANGUAGE_STANDARD = gnu99;
				GCC_NO_COMMON_BLOCKS = YES;
				GCC_WARN_64_TO_32_BIT_CONVERSION = YES;
				GCC_WARN_ABOUT_RETURN_TYPE = YES_ERROR;
				GCC_WARN_UNDECLARED_SELECTOR = YES;
				GCC_WARN_UNINITIALIZED_AUTOS = YES_AGGRESSIVE;
				GCC_WARN_UNUSED_FUNCTION = YES;
				GCC_WARN_UNUSED_VARIABLE = YES;
				IPHONEOS_DEPLOYMENT_TARGET = 10.3;
				MTL_ENABLE_DEBUG_INFO = NO;
				SDKROOT = iphoneos;
				SWIFT_OPTIMIZATION_LEVEL = "-Owholemodule";
				TARGETED_DEVICE_FAMILY = "1,2";
				VALIDATE_PRODUCT = YES;
			};
			name = Release;
		};
		C765F03F1F373493001C971D /* Debug */ = {
			isa = XCBuildConfiguration;
			baseConfigurationReference = 9C32E4E413E8B45479BE897E /* Pods-WildDogDemo.debug.xcconfig */;
			buildSettings = {
				ASSETCATALOG_COMPILER_APPICON_NAME = AppIcon;
				DEVELOPMENT_TEAM = TU4944T6UG;
				INFOPLIST_FILE = WildDogDemo/Info.plist;
				LD_RUNPATH_SEARCH_PATHS = "$(inherited) @executable_path/Frameworks";
				PRODUCT_BUNDLE_IDENTIFIER = com.letsbuildthatapp.WildDogDemo;
				PRODUCT_NAME = "$(TARGET_NAME)";
				SWIFT_VERSION = 3.0;
			};
			name = Debug;
		};
		C765F0401F373493001C971D /* Release */ = {
			isa = XCBuildConfiguration;
			baseConfigurationReference = A5DB175AF97DE8EEBE3076F2 /* Pods-WildDogDemo.release.xcconfig */;
			buildSettings = {
				ASSETCATALOG_COMPILER_APPICON_NAME = AppIcon;
				DEVELOPMENT_TEAM = TU4944T6UG;
				INFOPLIST_FILE = WildDogDemo/Info.plist;
				LD_RUNPATH_SEARCH_PATHS = "$(inherited) @executable_path/Frameworks";
				PRODUCT_BUNDLE_IDENTIFIER = com.letsbuildthatapp.WildDogDemo;
				PRODUCT_NAME = "$(TARGET_NAME)";
				SWIFT_VERSION = 3.0;
			};
			name = Release;
		};
/* End XCBuildConfiguration section */

/* Begin XCConfigurationList section */
		C765F0271F373493001C971D /* Build configuration list for PBXProject "WildDogDemo" */ = {
			isa = XCConfigurationList;
			buildConfigurations = (
				C765F03C1F373493001C971D /* Debug */,
				C765F03D1F373493001C971D /* Release */,
			);
			defaultConfigurationIsVisible = 0;
			defaultConfigurationName = Release;
		};
		C765F03E1F373493001C971D /* Build configuration list for PBXNativeTarget "WildDogDemo" */ = {
			isa = XCConfigurationList;
			buildConfigurations = (
				C765F03F1F373493001C971D /* Debug */,
				C765F0401F373493001C971D /* Release */,
			);
			defaultConfigurationIsVisible = 0;
			defaultConfigurationName = Release;
		};
/* End XCConfigurationList section */
	};
	rootObject = C765F0241F373493001C971D /* Project object */;
}
