// !$*UTF8*$!
{
	archiveVersion = 1;
	classes = {
	};
	objectVersion = 46;
	objects = {

/* Begin PBXBuildFile section */
		C7D72E121F37F96C0098C873 /* AppDelegate.swift in Sources */ = {isa = PBXBuildFile; fileRef = C7D72E111F37F96C0098C873 /* AppDelegate.swift */; };
		C7D72E141F37F96C0098C873 /* ViewController.swift in Sources */ = {isa = PBXBuildFile; fileRef = C7D72E131F37F96C0098C873 /* ViewController.swift */; };
		C7D72E171F37F96C0098C873 /* Main.storyboard in Resources */ = {isa = PBXBuildFile; fileRef = C7D72E151F37F96C0098C873 /* Main.storyboard */; };
		C7D72E191F37F96C0098C873 /* Assets.xcassets in Resources */ = {isa = PBXBuildFile; fileRef = C7D72E181F37F96C0098C873 /* Assets.xcassets */; };
		C7D72E1C1F37F96C0098C873 /* LaunchScreen.storyboard in Resources */ = {isa = PBXBuildFile; fileRef = C7D72E1A1F37F96C0098C873 /* LaunchScreen.storyboard */; };
/* End PBXBuildFile section */

/* Begin PBXFileReference section */
		C7D72E0E1F37F96C0098C873 /* FunUITabBarController.app */ = {isa = PBXFileReference; explicitFileType = wrapper.application; includeInIndex = 0; path = FunUITabBarController.app; sourceTree = BUILT_PRODUCTS_DIR; };
		C7D72E111F37F96C0098C873 /* AppDelegate.swift */ = {isa = PBXFileReference; lastKnownFileType = sourcecode.swift; path = AppDelegate.swift; sourceTree = "<group>"; };
		C7D72E131F37F96C0098C873 /* ViewController.swift */ = {isa = PBXFileReference; lastKnownFileType = sourcecode.swift; path = ViewController.swift; sourceTree = "<group>"; };
		C7D72E161F37F96C0098C873 /* Base */ = {isa = PBXFileReference; lastKnownFileType = file.storyboard; name = Base; path = Base.lproj/Main.storyboard; sourceTree = "<group>"; };
		C7D72E181F37F96C0098C873 /* Assets.xcassets */ = {isa = PBXFileReference; lastKnownFileType = folder.assetcatalog; path = Assets.xcassets; sourceTree = "<group>"; };
		C7D72E1B1F37F96C0098C873 /* Base */ = {isa = PBXFileReference; lastKnownFileType = file.storyboard; name = Base; path = Base.lproj/LaunchScreen.storyboard; sourceTree = "<group>"; };
		C7D72E1D1F37F96C0098C873 /* Info.plist */ = {isa = PBXFileReference; lastKnownFileType = text.plist.xml; path = Info.plist; sourceTree = "<group>"; };
/* End PBXFileReference section */

/* Begin PBXFrameworksBuildPhase section */
		C7D72E0B1F37F96C0098C873 /* Frameworks */ = {
			isa = PBXFrameworksBuildPhase;
			buildActionMask = 2147483647;
			files = (
			);
			runOnlyForDeploymentPostprocessing = 0;
		};
/* End PBXFrameworksBuildPhase section */

/* Begin PBXGroup section */
		C7D72E051F37F96C0098C873 = {
			isa = PBXGroup;
			children = (
				C7D72E101F37F96C0098C873 /* FunUITabBarController */,
				C7D72E0F1F37F96C0098C873 /* Products */,
			);
			sourceTree = "<group>";
		};
		C7D72E0F1F37F96C0098C873 /* Products */ = {
			isa = PBXGroup;
			children = (
				C7D72E0E1F37F96C0098C873 /* FunUITabBarController.app */,
			);
			name = Products;
			sourceTree = "<group>";
		};
		C7D72E101F37F96C0098C873 /* FunUITabBarController */ = {
			isa = PBXGroup;
			children = (
				C7D72E111F37F96C0098C873 /* AppDelegate.swift */,
				C7D72E131F37F96C0098C873 /* ViewController.swift */,
				C7D72E151F37F96C0098C873 /* Main.storyboard */,
				C7D72E181F37F96C0098C873 /* Assets.xcassets */,
				C7D72E1A1F37F96C0098C873 /* LaunchScreen.storyboard */,
				C7D72E1D1F37F96C0098C873 /* Info.plist */,
			);
			path = FunUITabBarController;
			sourceTree = "<group>";
		};
/* End PBXGroup section */

/* Begin PBXNativeTarget section */
		C7D72E0D1F37F96C0098C873 /* FunUITabBarController */ = {
			isa = PBXNativeTarget;
			buildConfigurationList = C7D72E201F37F96C0098C873 /* Build configuration list for PBXNativeTarget "FunUITabBarController" */;
			buildPhases = (
				C7D72E0A1F37F96C0098C873 /* Sources */,
				C7D72E0B1F37F96C0098C873 /* Frameworks */,
				C7D72E0C1F37F96C0098C873 /* Resources */,
			);
			buildRules = (
			);
			dependencies = (
			);
			name = FunUITabBarController;
			productName = FunUITabBarController;
			productReference = C7D72E0E1F37F96C0098C873 /* FunUITabBarController.app */;
			productType = "com.apple.product-type.application";
		};
/* End PBXNativeTarget section */

/* Begin PBXProject section */
		C7D72E061F37F96C0098C873 /* Project object */ = {
			isa = PBXProject;
			attributes = {
				LastSwiftUpdateCheck = 0830;
				LastUpgradeCheck = 0830;
				ORGANIZATIONNAME = "Lets Build That App";
				TargetAttributes = {
					C7D72E0D1F37F96C0098C873 = {
						CreatedOnToolsVersion = 8.3.3;
						DevelopmentTeam = TU4944T6UG;
						ProvisioningStyle = Automatic;
					};
				};
			};
			buildConfigurationList = C7D72E091F37F96C0098C873 /* Build configuration list for PBXProject "FunUITabBarController" */;
			compatibilityVersion = "Xcode 3.2";
			developmentRegion = English;
			hasScannedForEncodings = 0;
			knownRegions = (
				en,
				Base,
			);
			mainGroup = C7D72E051F37F96C0098C873;
			productRefGroup = C7D72E0F1F37F96C0098C873 /* Products */;
			projectDirPath = "";
			projectRoot = "";
			targets = (
				C7D72E0D1F37F96C0098C873 /* FunUITabBarController */,
			);
		};
/* End PBXProject section */

/* Begin PBXResourcesBuildPhase section */
		C7D72E0C1F37F96C0098C873 /* Resources */ = {
			isa = PBXResourcesBuildPhase;
			buildActionMask = 2147483647;
			files = (
				C7D72E1C1F37F96C0098C873 /* LaunchScreen.storyboard in Resources */,
				C7D72E191F37F96C0098C873 /* Assets.xcassets in Resources */,
				C7D72E171F37F96C0098C873 /* Main.storyboard in Resources */,
			);
			runOnlyForDeploymentPostprocessing = 0;
		};
/* End PBXResourcesBuildPhase section */

/* Begin PBXSourcesBuildPhase section */
		C7D72E0A1F37F96C0098C873 /* Sources */ = {
			isa = PBXSourcesBuildPhase;
			buildActionMask = 2147483647;
			files = (
				C7D72E141F37F96C0098C873 /* ViewController.swift in Sources */,
				C7D72E121F37F96C0098C873 /* AppDelegate.swift in Sources */,
			);
			runOnlyForDeploymentPostprocessing = 0;
		};
/* End PBXSourcesBuildPhase section */

/* Begin PBXVariantGroup section */
		C7D72E151F37F96C0098C873 /* Main.storyboard */ = {
			isa = PBXVariantGroup;
			children = (
				C7D72E161F37F96C0098C873 /* Base */,
			);
			name = Main.storyboard;
			sourceTree = "<group>";
		};
		C7D72E1A1F37F96C0098C873 /* LaunchScreen.storyboard */ = {
			isa = PBXVariantGroup;
			children = (
				C7D72E1B1F37F96C0098C873 /* Base */,
			);
			name = LaunchScreen.storyboard;
			sourceTree = "<group>";
		};
/* End PBXVariantGroup section */

/* Begin XCBuildConfiguration section */
		C7D72E1E1F37F96C0098C873 /* Debug */ = {
			isa = XCBuildConfiguration;
			buildSettings = {
				ALWAYS_SEARCH_USER_PATHS = NO;
				CLANG_ANALYZER_NONNULL = YES;
				CLANG_ANALYZER_NUMBER_OBJECT_CONVERSION = YES_AGGRESSIVE;
				CLANG_CXX_LANGUAGE_STANDARD = "gnu++0x";
				CLANG_CXX_LIBRARY = "libc++";
				CLANG_ENABLE_MODULES = YES;
				CLANG_ENABLE_OBJC_ARC = YES;
				CLANG_WARN_BOOL_CONVERSION = YES;
				CLANG_WARN_CONSTANT_CONVERSION = YES;
				CLANG_WARN_DIRECT_OBJC_ISA_USAGE = YES_ERROR;
				CLANG_WARN_DOCUMENTATION_COMMENTS = YES;
				CLANG_WARN_EMPTY_BODY = YES;
				CLANG_WARN_ENUM_CONVERSION = YES;
				CLANG_WARN_INFINITE_RECURSION = YES;
				CLANG_WARN_INT_CONVERSION = YES;
				CLANG_WARN_OBJC_ROOT_CLASS = YES_ERROR;
				CLANG_WARN_SUSPICIOUS_MOVE = YES;
				CLANG_WARN_UNREACHABLE_CODE = YES;
				CLANG_WARN__DUPLICATE_METHOD_MATCH = YES;
				"CODE_SIGN_IDENTITY[sdk=iphoneos*]" = "iPhone Developer";
				COPY_PHASE_STRIP = NO;
				DEBUG_INFORMATION_FORMAT = dwarf;
				ENABLE_STRICT_OBJC_MSGSEND = YES;
				ENABLE_TESTABILITY = YES;
				GCC_C_LANGUAGE_STANDARD = gnu99;
				GCC_DYNAMIC_NO_PIC = NO;
				GCC_NO_COMMON_BLOCKS = YES;
				GCC_OPTIMIZATION_LEVEL = 0;
				GCC_PREPROCESSOR_DEFINITIONS = (
					"DEBUG=1",
					"$(inherited)",
				);
				GCC_WARN_64_TO_32_BIT_CONVERSION = YES;
				GCC_WARN_ABOUT_RETURN_TYPE = YES_ERROR;
				GCC_WARN_UNDECLARED_SELECTOR = YES;
				GCC_WARN_UNINITIALIZED_AUTOS = YES_AGGRESSIVE;
				GCC_WARN_UNUSED_FUNCTION = YES;
				GCC_WARN_UNUSED_VARIABLE = YES;
				IPHONEOS_DEPLOYMENT_TARGET = 10.3;
				MTL_ENABLE_DEBUG_INFO = YES;
				ONLY_ACTIVE_ARCH = YES;
				SDKROOT = iphoneos;
				SWIFT_ACTIVE_COMPILATION_CONDITIONS = DEBUG;
				SWIFT_OPTIMIZATION_LEVEL = "-Onone";
				TARGETED_DEVICE_FAMILY = "1,2";
			};
			name = Debug;
		};
		C7D72E1F1F37F96C0098C873 /* Release */ = {
			isa = XCBuildConfiguration;
			buildSettings = {
				ALWAYS_SEARCH_USER_PATHS = NO;
				CLANG_ANALYZER_NONNULL = YES;
				CLANG_ANALYZER_NUMBER_OBJECT_CONVERSION = YES_AGGRESSIVE;
				CLANG_CXX_LANGUAGE_STANDARD = "gnu++0x";
				CLANG_CXX_LIBRARY = "libc++";
				CLANG_ENABLE_MODULES = YES;
				CLANG_ENABLE_OBJC_ARC = YES;
				CLANG_WARN_BOOL_CONVERSION = YES;
				CLANG_WARN_CONSTANT_CONVERSION = YES;
				CLANG_WARN_DIRECT_OBJC_ISA_USAGE = YES_ERROR;
				CLANG_WARN_DOCUMENTATION_COMMENTS = YES;
				CLANG_WARN_EMPTY_BODY = YES;
				CLANG_WARN_ENUM_CONVERSION = YES;
				CLANG_WARN_INFINITE_RECURSION = YES;
				CLANG_WARN_INT_CONVERSION = YES;
				CLANG_WARN_OBJC_ROOT_CLASS = YES_ERROR;
				CLANG_WARN_SUSPICIOUS_MOVE = YES;
				CLANG_WARN_UNREACHABLE_CODE = YES;
				CLANG_WARN__DUPLICATE_METHOD_MATCH = YES;
				"CODE_SIGN_IDENTITY[sdk=iphoneos*]" = "iPhone Developer";
				COPY_PHASE_STRIP = NO;
				DEBUG_INFORMATION_FORMAT = "dwarf-with-dsym";
				ENABLE_NS_ASSERTIONS = NO;
				ENABLE_STRICT_OBJC_MSGSEND = YES;
				GCC_C_LANGUAGE_STANDARD = gnu99;
				GCC_NO_COMMON_BLOCKS = YES;
				GCC_WARN_64_TO_32_BIT_CONVERSION = YES;
				GCC_WARN_ABOUT_RETURN_TYPE = YES_ERROR;
				GCC_WARN_UNDECLARED_SELECTOR = YES;
				GCC_WARN_UNINITIALIZED_AUTOS = YES_AGGRESSIVE;
				GCC_WARN_UNUSED_FUNCTION = YES;
				GCC_WARN_UNUSED_VARIABLE = YES;
				IPHONEOS_DEPLOYMENT_TARGET = 10.3;
				MTL_ENABLE_DEBUG_INFO = NO;
				SDKROOT = iphoneos;
				SWIFT_OPTIMIZATION_LEVEL = "-Owholemodule";
				TARGETED_DEVICE_FAMILY = "1,2";
				VALIDATE_PRODUCT = YES;
			};
			name = Release;
		};
		C7D72E211F37F96C0098C873 /* Debug */ = {
			isa = XCBuildConfiguration;
			buildSettings = {
				ASSETCATALOG_COMPILER_APPICON_NAME = AppIcon;
				DEVELOPMENT_TEAM = TU4944T6UG;
				INFOPLIST_FILE = FunUITabBarController/Info.plist;
				LD_RUNPATH_SEARCH_PATHS = "$(inherited) @executable_path/Frameworks";
				PRODUCT_BUNDLE_IDENTIFIER = com.letsbuildthatapp.FunUITabBarController;
				PRODUCT_NAME = "$(TARGET_NAME)";
				SWIFT_VERSION = 3.0;
			};
			name = Debug;
		};
		C7D72E221F37F96C0098C873 /* Release */ = {
			isa = XCBuildConfiguration;
			buildSettings = {
				ASSETCATALOG_COMPILER_APPICON_NAME = AppIcon;
				DEVELOPMENT_TEAM = TU4944T6UG;
				INFOPLIST_FILE = FunUITabBarController/Info.plist;
				LD_RUNPATH_SEARCH_PATHS = "$(inherited) @executable_path/Frameworks";
				PRODUCT_BUNDLE_IDENTIFIER = com.letsbuildthatapp.FunUITabBarController;
				PRODUCT_NAME = "$(TARGET_NAME)";
				SWIFT_VERSION = 3.0;
			};
			name = Release;
		};
/* End XCBuildConfiguration section */

/* Begin XCConfigurationList section */
		C7D72E091F37F96C0098C873 /* Build configuration list for PBXProject "FunUITabBarController" */ = {
			isa = XCConfigurationList;
			buildConfigurations = (
				C7D72E1E1F37F96C0098C873 /* Debug */,
				C7D72E1F1F37F96C0098C873 /* Release */,
			);
			defaultConfigurationIsVisible = 0;
			defaultConfigurationName = Release;
		};
		C7D72E201F37F96C0098C873 /* Build configuration list for PBXNativeTarget "FunUITabBarController" */ = {
			isa = XCConfigurationList;
			buildConfigurations = (
				C7D72E211F37F96C0098C873 /* Debug */,
				C7D72E221F37F96C0098C873 /* Release */,
			);
			defaultConfigurationIsVisible = 0;
		};
/* End XCConfigurationList section */
	};
	rootObject = C7D72E061F37F96C0098C873 /* Project object */;
}
