// !$*UTF8*$!
{
	archiveVersion = 1;
	classes = {
	};
	objectVersion = 46;
	objects = {

/* Begin PBXBuildFile section */
		C7AAC0931F340CBD00B56D6F /* AppDelegate.swift in Sources */ = {isa = PBXBuildFile; fileRef = C7AAC0921F340CBD00B56D6F /* AppDelegate.swift */; };
		C7AAC0951F340CBD00B56D6F /* ViewController.swift in Sources */ = {isa = PBXBuildFile; fileRef = C7AAC0941F340CBD00B56D6F /* ViewController.swift */; };
		C7AAC0981F340CBD00B56D6F /* Main.storyboard in Resources */ = {isa = PBXBuildFile; fileRef = C7AAC0961F340CBD00B56D6F /* Main.storyboard */; };
		C7AAC09B1F340CBD00B56D6F /* SavingMentors.xcdatamodeld in Sources */ = {isa = PBXBuildFile; fileRef = C7AAC0991F340CBD00B56D6F /* SavingMentors.xcdatamodeld */; };
		C7AAC09D1F340CBD00B56D6F /* Assets.xcassets in Resources */ = {isa = PBXBuildFile; fileRef = C7AAC09C1F340CBD00B56D6F /* Assets.xcassets */; };
		C7AAC0A01F340CBD00B56D6F /* LaunchScreen.storyboard in Resources */ = {isa = PBXBuildFile; fileRef = C7AAC09E1F340CBD00B56D6F /* LaunchScreen.storyboard */; };
		C7AAC0A81F341C3200B56D6F /* AddMentorController.swift in Sources */ = {isa = PBXBuildFile; fileRef = C7AAC0A71F341C3200B56D6F /* AddMentorController.swift */; };
/* End PBXBuildFile section */

/* Begin PBXFileReference section */
		C7AAC08F1F340CBD00B56D6F /* SavingMentors.app */ = {isa = PBXFileReference; explicitFileType = wrapper.application; includeInIndex = 0; path = SavingMentors.app; sourceTree = BUILT_PRODUCTS_DIR; };
		C7AAC0921F340CBD00B56D6F /* AppDelegate.swift */ = {isa = PBXFileReference; lastKnownFileType = sourcecode.swift; path = AppDelegate.swift; sourceTree = "<group>"; };
		C7AAC0941F340CBD00B56D6F /* ViewController.swift */ = {isa = PBXFileReference; lastKnownFileType = sourcecode.swift; path = ViewController.swift; sourceTree = "<group>"; };
		C7AAC0971F340CBD00B56D6F /* Base */ = {isa = PBXFileReference; lastKnownFileType = file.storyboard; name = Base; path = Base.lproj/Main.storyboard; sourceTree = "<group>"; };
		C7AAC09A1F340CBD00B56D6F /* SavingMentors.xcdatamodel */ = {isa = PBXFileReference; lastKnownFileType = wrapper.xcdatamodel; path = SavingMentors.xcdatamodel; sourceTree = "<group>"; };
		C7AAC09C1F340CBD00B56D6F /* Assets.xcassets */ = {isa = PBXFileReference; lastKnownFileType = folder.assetcatalog; path = Assets.xcassets; sourceTree = "<group>"; };
		C7AAC09F1F340CBD00B56D6F /* Base */ = {isa = PBXFileReference; lastKnownFileType = file.storyboard; name = Base; path = Base.lproj/LaunchScreen.storyboard; sourceTree = "<group>"; };
		C7AAC0A11F340CBD00B56D6F /* Info.plist */ = {isa = PBXFileReference; lastKnownFileType = text.plist.xml; path = Info.plist; sourceTree = "<group>"; };
		C7AAC0A71F341C3200B56D6F /* AddMentorController.swift */ = {isa = PBXFileReference; fileEncoding = 4; lastKnownFileType = sourcecode.swift; path = AddMentorController.swift; sourceTree = "<group>"; };
/* End PBXFileReference section */

/* Begin PBXFrameworksBuildPhase section */
		C7AAC08C1F340CBD00B56D6F /* Frameworks */ = {
			isa = PBXFrameworksBuildPhase;
			buildActionMask = 2147483647;
			files = (
			);
			runOnlyForDeploymentPostprocessing = 0;
		};
/* End PBXFrameworksBuildPhase section */

/* Begin PBXGroup section */
		C7AAC0861F340CBD00B56D6F = {
			isa = PBXGroup;
			children = (
				C7AAC0911F340CBD00B56D6F /* SavingMentors */,
				C7AAC0901F340CBD00B56D6F /* Products */,
			);
			sourceTree = "<group>";
		};
		C7AAC0901F340CBD00B56D6F /* Products */ = {
			isa = PBXGroup;
			children = (
				C7AAC08F1F340CBD00B56D6F /* SavingMentors.app */,
			);
			name = Products;
			sourceTree = "<group>";
		};
		C7AAC0911F340CBD00B56D6F /* SavingMentors */ = {
			isa = PBXGroup;
			children = (
				C7AAC0921F340CBD00B56D6F /* AppDelegate.swift */,
				C7AAC0941F340CBD00B56D6F /* ViewController.swift */,
				C7AAC0961F340CBD00B56D6F /* Main.storyboard */,
				C7AAC09C1F340CBD00B56D6F /* Assets.xcassets */,
				C7AAC09E1F340CBD00B56D6F /* LaunchScreen.storyboard */,
				C7AAC0A11F340CBD00B56D6F /* Info.plist */,
				C7AAC0991F340CBD00B56D6F /* SavingMentors.xcdatamodeld */,
				C7AAC0A71F341C3200B56D6F /* AddMentorController.swift */,
			);
			path = SavingMentors;
			sourceTree = "<group>";
		};
/* End PBXGroup section */

/* Begin PBXNativeTarget section */
		C7AAC08E1F340CBD00B56D6F /* SavingMentors */ = {
			isa = PBXNativeTarget;
			buildConfigurationList = C7AAC0A41F340CBD00B56D6F /* Build configuration list for PBXNativeTarget "SavingMentors" */;
			buildPhases = (
				C7AAC08B1F340CBD00B56D6F /* Sources */,
				C7AAC08C1F340CBD00B56D6F /* Frameworks */,
				C7AAC08D1F340CBD00B56D6F /* Resources */,
			);
			buildRules = (
			);
			dependencies = (
			);
			name = SavingMentors;
			productName = SavingMentors;
			productReference = C7AAC08F1F340CBD00B56D6F /* SavingMentors.app */;
			productType = "com.apple.product-type.application";
		};
/* End PBXNativeTarget section */

/* Begin PBXProject section */
		C7AAC0871F340CBD00B56D6F /* Project object */ = {
			isa = PBXProject;
			attributes = {
				LastSwiftUpdateCheck = 0830;
				LastUpgradeCheck = 0830;
				ORGANIZATIONNAME = "Lets Build That App";
				TargetAttributes = {
					C7AAC08E1F340CBD00B56D6F = {
						CreatedOnToolsVersion = 8.3.3;
						DevelopmentTeam = TU4944T6UG;
						ProvisioningStyle = Automatic;
					};
				};
			};
			buildConfigurationList = C7AAC08A1F340CBD00B56D6F /* Build configuration list for PBXProject "SavingMentors" */;
			compatibilityVersion = "Xcode 3.2";
			developmentRegion = English;
			hasScannedForEncodings = 0;
			knownRegions = (
				en,
				Base,
			);
			mainGroup = C7AAC0861F340CBD00B56D6F;
			productRefGroup = C7AAC0901F340CBD00B56D6F /* Products */;
			projectDirPath = "";
			projectRoot = "";
			targets = (
				C7AAC08E1F340CBD00B56D6F /* SavingMentors */,
			);
		};
/* End PBXProject section */

/* Begin PBXResourcesBuildPhase section */
		C7AAC08D1F340CBD00B56D6F /* Resources */ = {
			isa = PBXResourcesBuildPhase;
			buildActionMask = 2147483647;
			files = (
				C7AAC0A01F340CBD00B56D6F /* LaunchScreen.storyboard in Resources */,
				C7AAC09D1F340CBD00B56D6F /* Assets.xcassets in Resources */,
				C7AAC0981F340CBD00B56D6F /* Main.storyboard in Resources */,
			);
			runOnlyForDeploymentPostprocessing = 0;
		};
/* End PBXResourcesBuildPhase section */

/* Begin PBXSourcesBuildPhase section */
		C7AAC08B1F340CBD00B56D6F /* Sources */ = {
			isa = PBXSourcesBuildPhase;
			buildActionMask = 2147483647;
			files = (
				C7AAC09B1F340CBD00B56D6F /* SavingMentors.xcdatamodeld in Sources */,
				C7AAC0951F340CBD00B56D6F /* ViewController.swift in Sources */,
				C7AAC0A81F341C3200B56D6F /* AddMentorController.swift in Sources */,
				C7AAC0931F340CBD00B56D6F /* AppDelegate.swift in Sources */,
			);
			runOnlyForDeploymentPostprocessing = 0;
		};
/* End PBXSourcesBuildPhase section */

/* Begin PBXVariantGroup section */
		C7AAC0961F340CBD00B56D6F /* Main.storyboard */ = {
			isa = PBXVariantGroup;
			children = (
				C7AAC0971F340CBD00B56D6F /* Base */,
			);
			name = Main.storyboard;
			sourceTree = "<group>";
		};
		C7AAC09E1F340CBD00B56D6F /* LaunchScreen.storyboard */ = {
			isa = PBXVariantGroup;
			children = (
				C7AAC09F1F340CBD00B56D6F /* Base */,
			);
			name = LaunchScreen.storyboard;
			sourceTree = "<group>";
		};
/* End PBXVariantGroup section */

/* Begin XCBuildConfiguration section */
		C7AAC0A21F340CBD00B56D6F /* Debug */ = {
			isa = XCBuildConfiguration;
			buildSettings = {
				ALWAYS_SEARCH_USER_PATHS = NO;
				CLANG_ANALYZER_NONNULL = YES;
				CLANG_ANALYZER_NUMBER_OBJECT_CONVERSION = YES_AGGRESSIVE;
				CLANG_CXX_LANGUAGE_STANDARD = "gnu++0x";
				CLANG_CXX_LIBRARY = "libc++";
				CLANG_ENABLE_MODULES = YES;
				CLANG_ENABLE_OBJC_ARC = YES;
				CLANG_WARN_BOOL_CONVERSION = YES;
				CLANG_WARN_CONSTANT_CONVERSION = YES;
				CLANG_WARN_DIRECT_OBJC_ISA_USAGE = YES_ERROR;
				CLANG_WARN_DOCUMENTATION_COMMENTS = YES;
				CLANG_WARN_EMPTY_BODY = YES;
				CLANG_WARN_ENUM_CONVERSION = YES;
				CLANG_WARN_INFINITE_RECURSION = YES;
				CLANG_WARN_INT_CONVERSION = YES;
				CLANG_WARN_OBJC_ROOT_CLASS = YES_ERROR;
				CLANG_WARN_SUSPICIOUS_MOVE = YES;
				CLANG_WARN_UNREACHABLE_CODE = YES;
				CLANG_WARN__DUPLICATE_METHOD_MATCH = YES;
				"CODE_SIGN_IDENTITY[sdk=iphoneos*]" = "iPhone Developer";
				COPY_PHASE_STRIP = NO;
				DEBUG_INFORMATION_FORMAT = dwarf;
				ENABLE_STRICT_OBJC_MSGSEND = YES;
				ENABLE_TESTABILITY = YES;
				GCC_C_LANGUAGE_STANDARD = gnu99;
				GCC_DYNAMIC_NO_PIC = NO;
				GCC_NO_COMMON_BLOCKS = YES;
				GCC_OPTIMIZATION_LEVEL = 0;
				GCC_PREPROCESSOR_DEFINITIONS = (
					"DEBUG=1",
					"$(inherited)",
				);
				GCC_WARN_64_TO_32_BIT_CONVERSION = YES;
				GCC_WARN_ABOUT_RETURN_TYPE = YES_ERROR;
				GCC_WARN_UNDECLARED_SELECTOR = YES;
				GCC_WARN_UNINITIALIZED_AUTOS = YES_AGGRESSIVE;
				GCC_WARN_UNUSED_FUNCTION = YES;
				GCC_WARN_UNUSED_VARIABLE = YES;
				IPHONEOS_DEPLOYMENT_TARGET = 10.3;
				MTL_ENABLE_DEBUG_INFO = YES;
				ONLY_ACTIVE_ARCH = YES;
				SDKROOT = iphoneos;
				SWIFT_ACTIVE_COMPILATION_CONDITIONS = DEBUG;
				SWIFT_OPTIMIZATION_LEVEL = "-Onone";
				TARGETED_DEVICE_FAMILY = "1,2";
			};
			name = Debug;
		};
		C7AAC0A31F340CBD00B56D6F /* Release */ = {
			isa = XCBuildConfiguration;
			buildSettings = {
				ALWAYS_SEARCH_USER_PATHS = NO;
				CLANG_ANALYZER_NONNULL = YES;
				CLANG_ANALYZER_NUMBER_OBJECT_CONVERSION = YES_AGGRESSIVE;
				CLANG_CXX_LANGUAGE_STANDARD = "gnu++0x";
				CLANG_CXX_LIBRARY = "libc++";
				CLANG_ENABLE_MODULES = YES;
				CLANG_ENABLE_OBJC_ARC = YES;
				CLANG_WARN_BOOL_CONVERSION = YES;
				CLANG_WARN_CONSTANT_CONVERSION = YES;
				CLANG_WARN_DIRECT_OBJC_ISA_USAGE = YES_ERROR;
				CLANG_WARN_DOCUMENTATION_COMMENTS = YES;
				CLANG_WARN_EMPTY_BODY = YES;
				CLANG_WARN_ENUM_CONVERSION = YES;
				CLANG_WARN_INFINITE_RECURSION = YES;
				CLANG_WARN_INT_CONVERSION = YES;
				CLANG_WARN_OBJC_ROOT_CLASS = YES_ERROR;
				CLANG_WARN_SUSPICIOUS_MOVE = YES;
				CLANG_WARN_UNREACHABLE_CODE = YES;
				CLANG_WARN__DUPLICATE_METHOD_MATCH = YES;
				"CODE_SIGN_IDENTITY[sdk=iphoneos*]" = "iPhone Developer";
				COPY_PHASE_STRIP = NO;
				DEBUG_INFORMATION_FORMAT = "dwarf-with-dsym";
				ENABLE_NS_ASSERTIONS = NO;
				ENABLE_STRICT_OBJC_MSGSEND = YES;
				GCC_C_LANGUAGE_STANDARD = gnu99;
				GCC_NO_COMMON_BLOCKS = YES;
				GCC_WARN_64_TO_32_BIT_CONVERSION = YES;
				GCC_WARN_ABOUT_RETURN_TYPE = YES_ERROR;
				GCC_WARN_UNDECLARED_SELECTOR = YES;
				GCC_WARN_UNINITIALIZED_AUTOS = YES_AGGRESSIVE;
				GCC_WARN_UNUSED_FUNCTION = YES;
				GCC_WARN_UNUSED_VARIABLE = YES;
				IPHONEOS_DEPLOYMENT_TARGET = 10.3;
				MTL_ENABLE_DEBUG_INFO = NO;
				SDKROOT = iphoneos;
				SWIFT_OPTIMIZATION_LEVEL = "-Owholemodule";
				TARGETED_DEVICE_FAMILY = "1,2";
				VALIDATE_PRODUCT = YES;
			};
			name = Release;
		};
		C7AAC0A51F340CBD00B56D6F /* Debug */ = {
			isa = XCBuildConfiguration;
			buildSettings = {
				ASSETCATALOG_COMPILER_APPICON_NAME = AppIcon;
				DEVELOPMENT_TEAM = TU4944T6UG;
				INFOPLIST_FILE = SavingMentors/Info.plist;
				LD_RUNPATH_SEARCH_PATHS = "$(inherited) @executable_path/Frameworks";
				PRODUCT_BUNDLE_IDENTIFIER = com.letsbuildthatapp.SavingMentors;
				PRODUCT_NAME = "$(TARGET_NAME)";
				SWIFT_VERSION = 3.0;
			};
			name = Debug;
		};
		C7AAC0A61F340CBD00B56D6F /* Release */ = {
			isa = XCBuildConfiguration;
			buildSettings = {
				ASSETCATALOG_COMPILER_APPICON_NAME = AppIcon;
				DEVELOPMENT_TEAM = TU4944T6UG;
				INFOPLIST_FILE = SavingMentors/Info.plist;
				LD_RUNPATH_SEARCH_PATHS = "$(inherited) @executable_path/Frameworks";
				PRODUCT_BUNDLE_IDENTIFIER = com.letsbuildthatapp.SavingMentors;
				PRODUCT_NAME = "$(TARGET_NAME)";
				SWIFT_VERSION = 3.0;
			};
			name = Release;
		};
/* End XCBuildConfiguration section */

/* Begin XCConfigurationList section */
		C7AAC08A1F340CBD00B56D6F /* Build configuration list for PBXProject "SavingMentors" */ = {
			isa = XCConfigurationList;
			buildConfigurations = (
				C7AAC0A21F340CBD00B56D6F /* Debug */,
				C7AAC0A31F340CBD00B56D6F /* Release */,
			);
			defaultConfigurationIsVisible = 0;
			defaultConfigurationName = Release;
		};
		C7AAC0A41F340CBD00B56D6F /* Build configuration list for PBXNativeTarget "SavingMentors" */ = {
			isa = XCConfigurationList;
			buildConfigurations = (
				C7AAC0A51F340CBD00B56D6F /* Debug */,
				C7AAC0A61F340CBD00B56D6F /* Release */,
			);
			defaultConfigurationIsVisible = 0;
		};
/* End XCConfigurationList section */

/* Begin XCVersionGroup section */
		C7AAC0991F340CBD00B56D6F /* SavingMentors.xcdatamodeld */ = {
			isa = XCVersionGroup;
			children = (
				C7AAC09A1F340CBD00B56D6F /* SavingMentors.xcdatamodel */,
			);
			currentVersion = C7AAC09A1F340CBD00B56D6F /* SavingMentors.xcdatamodel */;
			path = SavingMentors.xcdatamodeld;
			sourceTree = "<group>";
			versionGroupType = wrapper.xcdatamodel;
		};
/* End XCVersionGroup section */
	};
	rootObject = C7AAC0871F340CBD00B56D6F /* Project object */;
}
